
Microsoft Visual Studio Solution File, Format Version 12.00
# Visual Studio Version 17
VisualStudioVersion = 17.3.32922.545
MinimumVisualStudioVersion = 10.0.40219.1
Project("{FAE04EC0-301F-11D3-BF4B-00C04F79EFBC}") = "Tourism Website", "Tourism Website\Tourism Website.csproj", "{F0C29475-C0E3-4BA5-922D-681DD2A59212}"
EndProject
Global
	GlobalSection(SolutionConfigurationPlatforms) = preSolution
		Debug|Any CPU = Debug|Any CPU
		Release|Any CPU = Release|Any CPU
	EndGlobalSection
	GlobalSection(ProjectConfigurationPlatforms) = postSolution
		{F0C29475-C0E3-4BA5-922D-681DD2A59212}.Debug|Any CPU.ActiveCfg = Debug|Any CPU
		{F0C29475-C0E3-4BA5-922D-681DD2A59212}.Debug|Any CPU.Build.0 = Debug|Any CPU
		{F0C29475-C0E3-4BA5-922D-681DD2A59212}.Release|Any CPU.ActiveCfg = Release|Any CPU
		{F0C29475-C0E3-4BA5-922D-681DD2A59212}.Release|Any CPU.Build.0 = Release|Any CPU
	EndGlobalSection
	GlobalSection(SolutionProperties) = preSolution
		HideSolutionNode = FALSE
	EndGlobalSection
	GlobalSection(ExtensibilityGlobals) = postSolution
		SolutionGuid = {AF12B9F3-EAD1-4902-B6C2-BC333FC2F190}
	EndGlobalSection
EndGlobal
